
Microsoft Visual Studio Solution File, Format Version 12.00
# Visual Studio Version 17
VisualStudioVersion = 17.2.32526.322
MinimumVisualStudioVersion = 10.0.40219.1
Project("{FAE04EC0-301F-11D3-BF4B-00C04F79EFBC}") = "ConsoleApp2", "ConsoleApp2\ConsoleApp2.csproj", "{191D782A-FD9E-469E-8163-041915CEBBDA}"
EndProject
Global
	GlobalSection(SolutionConfigurationPlatforms) = preSolution
		Debug|Any CPU = Debug|Any CPU
		Release|Any CPU = Release|Any CPU
	EndGlobalSection
	GlobalSection(ProjectConfigurationPlatforms) = postSolution
		{191D782A-FD9E-469E-8163-041915CEBBDA}.Debug|Any CPU.ActiveCfg = Debug|Any CPU
		{191D782A-FD9E-469E-8163-041915CEBBDA}.Debug|Any CPU.Build.0 = Debug|Any CPU
		{191D782A-FD9E-469E-8163-041915CEBBDA}.Release|Any CPU.ActiveCfg = Release|Any CPU
		{191D782A-FD9E-469E-8163-041915CEBBDA}.Release|Any CPU.Build.0 = Release|Any CPU
	EndGlobalSection
	GlobalSection(SolutionProperties) = preSolution
		HideSolutionNode = FALSE
	EndGlobalSection
	GlobalSection(ExtensibilityGlobals) = postSolution
		SolutionGuid = {860AF038-B4D7-4380-92F5-47631F4487AE}
	EndGlobalSection
EndGlobal
